
Microsoft Visual Studio Solution File, Format Version 12.00
# Visual Studio Version 16
VisualStudioVersion = 16.0.30406.217
MinimumVisualStudioVersion = 10.0.40219.1
Project("{FAE04EC0-301F-11D3-BF4B-00C04F79EFBC}") = "OdeToFood", "OdeToFood\OdeToFood.csproj", "{B1351D0D-B270-429B-9ED8-4F5401A55FA8}"
EndProject
Project("{FAE04EC0-301F-11D3-BF4B-00C04F79EFBC}") = "OdeToFood.Core", "OdeToFood.Core\OdeToFood.Core.csproj", "{ED54BE0A-CC4F-447F-91A9-18E2BE31E6ED}"
EndProject
Project("{FAE04EC0-301F-11D3-BF4B-00C04F79EFBC}") = "OdeToFood.Data", "OdeToFood.Data\OdeToFood.Data.csproj", "{F1621C04-23C1-449D-AE22-8C5486B291D4}"
EndProject
Global
	GlobalSection(SolutionConfigurationPlatforms) = preSolution
		Debug|Any CPU = Debug|Any CPU
		Release|Any CPU = Release|Any CPU
	EndGlobalSection
	GlobalSection(ProjectConfigurationPlatforms) = postSolution
		{B1351D0D-B270-429B-9ED8-4F5401A55FA8}.Debug|Any CPU.ActiveCfg = Debug|Any CPU
		{B1351D0D-B270-429B-9ED8-4F5401A55FA8}.Debug|Any CPU.Build.0 = Debug|Any CPU
		{B1351D0D-B270-429B-9ED8-4F5401A55FA8}.Release|Any CPU.ActiveCfg = Release|Any CPU
		{B1351D0D-B270-429B-9ED8-4F5401A55FA8}.Release|Any CPU.Build.0 = Release|Any CPU
		{ED54BE0A-CC4F-447F-91A9-18E2BE31E6ED}.Debug|Any CPU.ActiveCfg = Debug|Any CPU
		{ED54BE0A-CC4F-447F-91A9-18E2BE31E6ED}.Debug|Any CPU.Build.0 = Debug|Any CPU
		{ED54BE0A-CC4F-447F-91A9-18E2BE31E6ED}.Release|Any CPU.ActiveCfg = Release|Any CPU
		{ED54BE0A-CC4F-447F-91A9-18E2BE31E6ED}.Release|Any CPU.Build.0 = Release|Any CPU
		{F1621C04-23C1-449D-AE22-8C5486B291D4}.Debug|Any CPU.ActiveCfg = Debug|Any CPU
		{F1621C04-23C1-449D-AE22-8C5486B291D4}.Debug|Any CPU.Build.0 = Debug|Any CPU
		{F1621C04-23C1-449D-AE22-8C5486B291D4}.Release|Any CPU.ActiveCfg = Release|Any CPU
		{F1621C04-23C1-449D-AE22-8C5486B291D4}.Release|Any CPU.Build.0 = Release|Any CPU
	EndGlobalSection
	GlobalSection(SolutionProperties) = preSolution
		HideSolutionNode = FALSE
	EndGlobalSection
	GlobalSection(ExtensibilityGlobals) = postSolution
		SolutionGuid = {02FD407B-A26E-4E77-9829-0AF9DDBD3A06}
	EndGlobalSection
EndGlobal
